
Microsoft Visual Studio Solution File, Format Version 12.00
# Visual Studio Version 17
VisualStudioVersion = 17.12.35707.178
MinimumVisualStudioVersion = 10.0.40219.1
Project("{9A19103F-16F7-4668-BE54-9A1E7A4F7556}") = "BulkyWeb", "BulkyWeb\BulkyWeb.csproj", "{62062F57-F08A-49A4-BA2B-E6563F0777A6}"
EndProject
Project("{9A19103F-16F7-4668-BE54-9A1E7A4F7556}") = "BulkyWebRazor", "BulkyWebRazor\BulkyWebRazor.csproj", "{20FC0DB6-81D8-4366-8033-F55F9B95639A}"
EndProject
Global
	GlobalSection(SolutionConfigurationPlatforms) = preSolution
		Debug|Any CPU = Debug|Any CPU
		Release|Any CPU = Release|Any CPU
	EndGlobalSection
	GlobalSection(ProjectConfigurationPlatforms) = postSolution
		{62062F57-F08A-49A4-BA2B-E6563F0777A6}.Debug|Any CPU.ActiveCfg = Debug|Any CPU
		{62062F57-F08A-49A4-BA2B-E6563F0777A6}.Debug|Any CPU.Build.0 = Debug|Any CPU
		{62062F57-F08A-49A4-BA2B-E6563F0777A6}.Release|Any CPU.ActiveCfg = Release|Any CPU
		{62062F57-F08A-49A4-BA2B-E6563F0777A6}.Release|Any CPU.Build.0 = Release|Any CPU
		{20FC0DB6-81D8-4366-8033-F55F9B95639A}.Debug|Any CPU.ActiveCfg = Debug|Any CPU
		{20FC0DB6-81D8-4366-8033-F55F9B95639A}.Debug|Any CPU.Build.0 = Debug|Any CPU
		{20FC0DB6-81D8-4366-8033-F55F9B95639A}.Release|Any CPU.ActiveCfg = Release|Any CPU
		{20FC0DB6-81D8-4366-8033-F55F9B95639A}.Release|Any CPU.Build.0 = Release|Any CPU
	EndGlobalSection
	GlobalSection(SolutionProperties) = preSolution
		HideSolutionNode = FALSE
	EndGlobalSection
	GlobalSection(ExtensibilityGlobals) = postSolution
		SolutionGuid = {66712B2B-EAD5-4009-8939-501429DCB693}
	EndGlobalSection
EndGlobal
